# THIS IS AN AUTOGENERATED FILE. DO NOT EDIT THIS FILE DIRECTLY.
# yarn lockfile v1


"@bufbuild/protobuf@2.2.3", "@bufbuild/protobuf@^2.2.1", "@bufbuild/protobuf@^2.2.3":
  version "2.2.3"
  resolved "https://registry.yarnpkg.com/@bufbuild/protobuf/-/protobuf-2.2.3.tgz#9cd136f6b687e63e9b517b3a54211ece942897ee"
  integrity sha512-tFQoXHJdkEOSwj5tRIZSPNUuXK3RaR7T1nUrPgbYX1pUbvqqaaZAsfo+NXBPsz5rZMSKVFrgK1WL8Q/MSLvprg==

"@bufbuild/protoc-gen-es@^2.2.3":
  version "2.2.3"
  resolved "https://registry.yarnpkg.com/@bufbuild/protoc-gen-es/-/protoc-gen-es-2.2.3.tgz#248fdde46ca895cc1756f51b4d4cebd7e1b625ea"
  integrity sha512-hdhIV9NmwXXy24DcbnArauv6L5Dv2PjkO9gz2DUhiZ9HPRpP+rmpT8zo5LohjJiuA7YIQGGKKWSKpRg+xcdLSQ==
  dependencies:
    "@bufbuild/protobuf" "^2.2.3"
    "@bufbuild/protoplugin" "2.2.3"

"@bufbuild/protoplugin@2.2.3", "@bufbuild/protoplugin@^2.2.1":
  version "2.2.3"
  resolved "https://registry.yarnpkg.com/@bufbuild/protoplugin/-/protoplugin-2.2.3.tgz#9f14cdbf6bbc0761be0314fcd249f9f1ef19495c"
  integrity sha512-UsV7mj6NJTZrqIYJK+jNFnnj5tOS7wgNXKyMjebFEpf+OX6pfXE+nx+QPjumOfu4GxdVPfEDnKuwISgqlXSQqw==
  dependencies:
    "@bufbuild/protobuf" "2.2.3"
    "@typescript/vfs" "^1.5.2"
    typescript "5.4.5"

"@connectrpc/connect-query-core@^2.0.1":
  version "2.0.1"
  resolved "https://registry.yarnpkg.com/@connectrpc/connect-query-core/-/connect-query-core-2.0.1.tgz#afc67a52bb33aed9ee6d3aa811caa061d15fb275"
  integrity sha512-jCub8nPBGhZK+RumQ8vcH4q6xqQ8O52+G75DAmhhESK2FsJgwerJjcw6XrqFpeJFz5O4cy0uuJm+ZK3TsrbxTw==

"@connectrpc/connect-query@^2.0.1":
  version "2.0.1"
  resolved "https://registry.yarnpkg.com/@connectrpc/connect-query/-/connect-query-2.0.1.tgz#31c0105bdf346edf1832a2fba13d8f2212454612"
  integrity sha512-yVGRI17c96G0xb3ST9xGJ8k6KwKHp2qHRZo/JxLvh4+5lcJHsEa5xzf7sHm0363blTWhEa06b+gcQMckpiUdGw==
  dependencies:
    "@connectrpc/connect-query-core" "^2.0.1"

"@connectrpc/protoc-gen-connect-query@^2.0.1":
  version "2.0.1"
  resolved "https://registry.yarnpkg.com/@connectrpc/protoc-gen-connect-query/-/protoc-gen-connect-query-2.0.1.tgz#350d2d782f84e9580c4b83380b037292dbfcd8f6"
  integrity sha512-vbqr11Vg4gV5W5WUoC1/ZGIPU+iMWj8sR/WO6cBFV1bKLluWv4s7UWmbpEYDSUap3RVklRMcr+HZSDqbPgV0Hg==
  dependencies:
    "@bufbuild/protobuf" "^2.2.1"
    "@bufbuild/protoplugin" "^2.2.1"

"@typescript/vfs@^1.5.2":
  version "1.6.0"
  resolved "https://registry.yarnpkg.com/@typescript/vfs/-/vfs-1.6.0.tgz#9c90d8c43f7ac53cc77d5959e5c4c9b639f0959e"
  integrity sha512-hvJUjNVeBMp77qPINuUvYXj4FyWeeMMKZkxEATEU3hqBAQ7qdTBCUFT7Sp0Zu0faeEtFf+ldXxMEDr/bk73ISg==
  dependencies:
    debug "^4.1.1"

debug@^4.1.1:
  version "4.4.0"
  resolved "https://registry.yarnpkg.com/debug/-/debug-4.4.0.tgz#2b3f2aea2ffeb776477460267377dc8710faba8a"
  integrity sha512-6WTZ/IxCY/T6BALoZHaE4ctp9xm+Z5kY/pzYaCHRFeyVhojxlrm+46y68HA6hr0TcwEssoxNiDEUJQjfPZ/RYA==
  dependencies:
    ms "^2.1.3"

ms@^2.1.3:
  version "2.1.3"
  resolved "https://registry.yarnpkg.com/ms/-/ms-2.1.3.tgz#574c8138ce1d2b5861f0b44579dbadd60c6615b2"
  integrity sha512-6FlzubTLZG3J2a/NVCAleEhjzq5oxgHyaCU9yYXvcLsvoVaHJq/s5xXI6/XXP6tz7R9xAOtHnSO/tXtF3WRTlA==

typescript@5.4.5:
  version "5.4.5"
  resolved "https://registry.yarnpkg.com/typescript/-/typescript-5.4.5.tgz#42ccef2c571fdbd0f6718b1d1f5e6e5ef006f611"
  integrity sha512-vcI4UpRgg81oIRUFwR0WSIHKt11nJ7SAVlYNIu+QpqeyXP+gpQJy/Z4+F0aGxSE4MqwjyXvW/TzgkLAx2AGHwQ==
